
Microsoft Visual Studio Solution File, Format Version 12.00
# Visual Studio Version 17
VisualStudioVersion = 17.6.33723.286
MinimumVisualStudioVersion = 10.0.40219.1
Project("{FAE04EC0-301F-11D3-BF4B-00C04F79EFBC}") = "ConsultationDemo", "ConsultationDemo\ConsultationDemo.csproj", "{B6631D02-FE57-480E-8624-E1B88C98FC8A}"
EndProject
Global
	GlobalSection(SolutionConfigurationPlatforms) = preSolution
		Debug|Any CPU = Debug|Any CPU
		Release|Any CPU = Release|Any CPU
	EndGlobalSection
	GlobalSection(ProjectConfigurationPlatforms) = postSolution
		{B6631D02-FE57-480E-8624-E1B88C98FC8A}.Debug|Any CPU.ActiveCfg = Debug|Any CPU
		{B6631D02-FE57-480E-8624-E1B88C98FC8A}.Debug|Any CPU.Build.0 = Debug|Any CPU
		{B6631D02-FE57-480E-8624-E1B88C98FC8A}.Release|Any CPU.ActiveCfg = Release|Any CPU
		{B6631D02-FE57-480E-8624-E1B88C98FC8A}.Release|Any CPU.Build.0 = Release|Any CPU
	EndGlobalSection
	GlobalSection(SolutionProperties) = preSolution
		HideSolutionNode = FALSE
	EndGlobalSection
	GlobalSection(ExtensibilityGlobals) = postSolution
		SolutionGuid = {C8EBDAD5-7FB6-475C-B8B8-720E0F78ADB7}
	EndGlobalSection
EndGlobal
