
Microsoft Visual Studio Solution File, Format Version 12.00
# Visual Studio Version 17
VisualStudioVersion = 17.7.34018.315
MinimumVisualStudioVersion = 10.0.40219.1
Project("{FAE04EC0-301F-11D3-BF4B-00C04F79EFBC}") = "BlazorWASMAppDemo.Server", "BlazorWASMAppDemo\Server\BlazorWASMAppDemo.Server.csproj", "{E3667CD0-9D9B-449D-9A6C-1630C4D2FDAC}"
EndProject
Project("{FAE04EC0-301F-11D3-BF4B-00C04F79EFBC}") = "BlazorWASMAppDemo.Client", "BlazorWASMAppDemo\Client\BlazorWASMAppDemo.Client.csproj", "{B982368C-6156-4BF5-BDC2-EE2B959E80D8}"
EndProject
Project("{FAE04EC0-301F-11D3-BF4B-00C04F79EFBC}") = "BlazorWASMAppDemo.Shared", "BlazorWASMAppDemo\Shared\BlazorWASMAppDemo.Shared.csproj", "{972F1EA1-20B0-4E89-8F42-2E2D0A58CD16}"
EndProject
Global
	GlobalSection(SolutionConfigurationPlatforms) = preSolution
		Debug|Any CPU = Debug|Any CPU
		Release|Any CPU = Release|Any CPU
	EndGlobalSection
	GlobalSection(ProjectConfigurationPlatforms) = postSolution
		{E3667CD0-9D9B-449D-9A6C-1630C4D2FDAC}.Debug|Any CPU.ActiveCfg = Debug|Any CPU
		{E3667CD0-9D9B-449D-9A6C-1630C4D2FDAC}.Debug|Any CPU.Build.0 = Debug|Any CPU
		{E3667CD0-9D9B-449D-9A6C-1630C4D2FDAC}.Release|Any CPU.ActiveCfg = Release|Any CPU
		{E3667CD0-9D9B-449D-9A6C-1630C4D2FDAC}.Release|Any CPU.Build.0 = Release|Any CPU
		{B982368C-6156-4BF5-BDC2-EE2B959E80D8}.Debug|Any CPU.ActiveCfg = Debug|Any CPU
		{B982368C-6156-4BF5-BDC2-EE2B959E80D8}.Debug|Any CPU.Build.0 = Debug|Any CPU
		{B982368C-6156-4BF5-BDC2-EE2B959E80D8}.Release|Any CPU.ActiveCfg = Release|Any CPU
		{B982368C-6156-4BF5-BDC2-EE2B959E80D8}.Release|Any CPU.Build.0 = Release|Any CPU
		{972F1EA1-20B0-4E89-8F42-2E2D0A58CD16}.Debug|Any CPU.ActiveCfg = Debug|Any CPU
		{972F1EA1-20B0-4E89-8F42-2E2D0A58CD16}.Debug|Any CPU.Build.0 = Debug|Any CPU
		{972F1EA1-20B0-4E89-8F42-2E2D0A58CD16}.Release|Any CPU.ActiveCfg = Release|Any CPU
		{972F1EA1-20B0-4E89-8F42-2E2D0A58CD16}.Release|Any CPU.Build.0 = Release|Any CPU
	EndGlobalSection
	GlobalSection(SolutionProperties) = preSolution
		HideSolutionNode = FALSE
	EndGlobalSection
	GlobalSection(ExtensibilityGlobals) = postSolution
		SolutionGuid = {2793DEA9-6697-4084-B0FE-CD0640D602EA}
	EndGlobalSection
EndGlobal
